
Microsoft Visual Studio Solution File, Format Version 12.00
# Visual Studio Version 17
VisualStudioVersion = 17.14.36811.4 d17.14
MinimumVisualStudioVersion = 10.0.40219.1
Project("{FAE04EC0-301F-11D3-BF4B-00C04F79EFBC}") = "SharmaMidtermB", "SharmaMidtermB\SharmaMidtermB.csproj", "{960C6135-6B41-4013-A487-F50BEEC1B368}"
EndProject
Global
	GlobalSection(SolutionConfigurationPlatforms) = preSolution
		Debug|Any CPU = Debug|Any CPU
		Release|Any CPU = Release|Any CPU
	EndGlobalSection
	GlobalSection(ProjectConfigurationPlatforms) = postSolution
		{960C6135-6B41-4013-A487-F50BEEC1B368}.Debug|Any CPU.ActiveCfg = Debug|Any CPU
		{960C6135-6B41-4013-A487-F50BEEC1B368}.Debug|Any CPU.Build.0 = Debug|Any CPU
		{960C6135-6B41-4013-A487-F50BEEC1B368}.Release|Any CPU.ActiveCfg = Release|Any CPU
		{960C6135-6B41-4013-A487-F50BEEC1B368}.Release|Any CPU.Build.0 = Release|Any CPU
	EndGlobalSection
	GlobalSection(SolutionProperties) = preSolution
		HideSolutionNode = FALSE
	EndGlobalSection
	GlobalSection(ExtensibilityGlobals) = postSolution
		SolutionGuid = {1611D447-C761-4743-AC3B-24917F6B7B90}
	EndGlobalSection
EndGlobal
